
Microsoft Visual Studio Solution File, Format Version 12.00
# Visual Studio Version 17
VisualStudioVersion = 17.5.33530.505
MinimumVisualStudioVersion = 10.0.40219.1
Project("{9A19103F-16F7-4668-BE54-9A1E7A4F7556}") = "LegacyApp.Consumer", "LegacyApp.Consumer\LegacyApp.Consumer.csproj", "{DBABDEFA-2400-40C0-BA10-9FE16DD87F22}"
EndProject
Project("{9A19103F-16F7-4668-BE54-9A1E7A4F7556}") = "LegacyApp", "LegacyApp\LegacyApp.csproj", "{B88F0C31-3735-4619-8A05-0C0744B12512}"
EndProject
Project("{FAE04EC0-301F-11D3-BF4B-00C04F79EFBC}") = "UserServiceTests", "UserServiceShould\UserServiceTests.csproj", "{D4EA117B-08B9-43FD-85DB-36B9AECABF36}"
EndProject
Global
	GlobalSection(SolutionConfigurationPlatforms) = preSolution
		Debug|Any CPU = Debug|Any CPU
		Release|Any CPU = Release|Any CPU
	EndGlobalSection
	GlobalSection(ProjectConfigurationPlatforms) = postSolution
		{DBABDEFA-2400-40C0-BA10-9FE16DD87F22}.Debug|Any CPU.ActiveCfg = Debug|Any CPU
		{DBABDEFA-2400-40C0-BA10-9FE16DD87F22}.Debug|Any CPU.Build.0 = Debug|Any CPU
		{DBABDEFA-2400-40C0-BA10-9FE16DD87F22}.Release|Any CPU.ActiveCfg = Release|Any CPU
		{DBABDEFA-2400-40C0-BA10-9FE16DD87F22}.Release|Any CPU.Build.0 = Release|Any CPU
		{B88F0C31-3735-4619-8A05-0C0744B12512}.Debug|Any CPU.ActiveCfg = Debug|Any CPU
		{B88F0C31-3735-4619-8A05-0C0744B12512}.Debug|Any CPU.Build.0 = Debug|Any CPU
		{B88F0C31-3735-4619-8A05-0C0744B12512}.Release|Any CPU.ActiveCfg = Release|Any CPU
		{B88F0C31-3735-4619-8A05-0C0744B12512}.Release|Any CPU.Build.0 = Release|Any CPU
		{D4EA117B-08B9-43FD-85DB-36B9AECABF36}.Debug|Any CPU.ActiveCfg = Debug|Any CPU
		{D4EA117B-08B9-43FD-85DB-36B9AECABF36}.Debug|Any CPU.Build.0 = Debug|Any CPU
		{D4EA117B-08B9-43FD-85DB-36B9AECABF36}.Release|Any CPU.ActiveCfg = Release|Any CPU
		{D4EA117B-08B9-43FD-85DB-36B9AECABF36}.Release|Any CPU.Build.0 = Release|Any CPU
	EndGlobalSection
	GlobalSection(SolutionProperties) = preSolution
		HideSolutionNode = FALSE
	EndGlobalSection
	GlobalSection(ExtensibilityGlobals) = postSolution
		SolutionGuid = {C8F42124-55C6-4608-98EB-2B138731D280}
	EndGlobalSection
EndGlobal
